
Microsoft Visual Studio Solution File, Format Version 12.00
# Visual Studio Version 17
VisualStudioVersion = 17.5.33530.505
MinimumVisualStudioVersion = 10.0.40219.1
Project("{2150E333-8FDC-42A3-9474-1A3956D46DE8}") = "src", "src", "{251102FA-72B6-4258-8BA4-3D7F85CD799F}"
EndProject
Project("{2150E333-8FDC-42A3-9474-1A3956D46DE8}") = "test", "test", "{56E0F15A-B091-4E50-AAF9-135FD1E3D585}"
EndProject
Project("{9A19103F-16F7-4668-BE54-9A1E7A4F7556}") = "TestsSample.UnitTests", "test\TestsSample.UnitTests\TestsSample.UnitTests.csproj", "{91583757-A48B-47FE-8B00-E5EBCAC9484E}"
EndProject
Project("{9A19103F-16F7-4668-BE54-9A1E7A4F7556}") = "TestsSample.IntegrationTests", "test\TestsSample.IntegrationTests\TestsSample.IntegrationTests.csproj", "{377A550F-4847-4896-AC53-4B770410CA40}"
EndProject
Project("{9A19103F-16F7-4668-BE54-9A1E7A4F7556}") = "TestsSample", "src\TestsSample\TestsSample.csproj", "{54EA3C5B-A9D0-4376-92FA-048EC22D76C0}"
EndProject
Global
	GlobalSection(SolutionConfigurationPlatforms) = preSolution
		Debug|Any CPU = Debug|Any CPU
		Release|Any CPU = Release|Any CPU
	EndGlobalSection
	GlobalSection(ProjectConfigurationPlatforms) = postSolution
		{91583757-A48B-47FE-8B00-E5EBCAC9484E}.Debug|Any CPU.ActiveCfg = Debug|Any CPU
		{91583757-A48B-47FE-8B00-E5EBCAC9484E}.Debug|Any CPU.Build.0 = Debug|Any CPU
		{91583757-A48B-47FE-8B00-E5EBCAC9484E}.Release|Any CPU.ActiveCfg = Release|Any CPU
		{91583757-A48B-47FE-8B00-E5EBCAC9484E}.Release|Any CPU.Build.0 = Release|Any CPU
		{377A550F-4847-4896-AC53-4B770410CA40}.Debug|Any CPU.ActiveCfg = Debug|Any CPU
		{377A550F-4847-4896-AC53-4B770410CA40}.Debug|Any CPU.Build.0 = Debug|Any CPU
		{377A550F-4847-4896-AC53-4B770410CA40}.Release|Any CPU.ActiveCfg = Release|Any CPU
		{377A550F-4847-4896-AC53-4B770410CA40}.Release|Any CPU.Build.0 = Release|Any CPU
		{54EA3C5B-A9D0-4376-92FA-048EC22D76C0}.Debug|Any CPU.ActiveCfg = Debug|Any CPU
		{54EA3C5B-A9D0-4376-92FA-048EC22D76C0}.Debug|Any CPU.Build.0 = Debug|Any CPU
		{54EA3C5B-A9D0-4376-92FA-048EC22D76C0}.Release|Any CPU.ActiveCfg = Release|Any CPU
		{54EA3C5B-A9D0-4376-92FA-048EC22D76C0}.Release|Any CPU.Build.0 = Release|Any CPU
	EndGlobalSection
	GlobalSection(SolutionProperties) = preSolution
		HideSolutionNode = FALSE
	EndGlobalSection
	GlobalSection(NestedProjects) = preSolution
		{91583757-A48B-47FE-8B00-E5EBCAC9484E} = {56E0F15A-B091-4E50-AAF9-135FD1E3D585}
		{377A550F-4847-4896-AC53-4B770410CA40} = {56E0F15A-B091-4E50-AAF9-135FD1E3D585}
		{54EA3C5B-A9D0-4376-92FA-048EC22D76C0} = {251102FA-72B6-4258-8BA4-3D7F85CD799F}
	EndGlobalSection
	GlobalSection(ExtensibilityGlobals) = postSolution
		SolutionGuid = {67724817-F000-4DD9-92C7-C81D265CDF21}
	EndGlobalSection
EndGlobal
